
Microsoft Visual Studio Solution File, Format Version 12.00
# Visual Studio Version 17
VisualStudioVersion = 17.14.36518.9 d17.14
MinimumVisualStudioVersion = 10.0.40219.1
Project("{FAE04EC0-301F-11D3-BF4B-00C04F79EFBC}") = "BTTH2_TranQuangDat_24520290", "BTTH2_TranQuangDat_24520290\BTTH2_TranQuangDat_24520290.csproj", "{B20E6BFC-4DA1-4580-95C6-DAC19EE6692E}"
EndProject
Global
	GlobalSection(SolutionConfigurationPlatforms) = preSolution
		Debug|Any CPU = Debug|Any CPU
		Release|Any CPU = Release|Any CPU
	EndGlobalSection
	GlobalSection(ProjectConfigurationPlatforms) = postSolution
		{B20E6BFC-4DA1-4580-95C6-DAC19EE6692E}.Debug|Any CPU.ActiveCfg = Debug|Any CPU
		{B20E6BFC-4DA1-4580-95C6-DAC19EE6692E}.Debug|Any CPU.Build.0 = Debug|Any CPU
		{B20E6BFC-4DA1-4580-95C6-DAC19EE6692E}.Release|Any CPU.ActiveCfg = Release|Any CPU
		{B20E6BFC-4DA1-4580-95C6-DAC19EE6692E}.Release|Any CPU.Build.0 = Release|Any CPU
	EndGlobalSection
	GlobalSection(SolutionProperties) = preSolution
		HideSolutionNode = FALSE
	EndGlobalSection
	GlobalSection(ExtensibilityGlobals) = postSolution
		SolutionGuid = {3DE00D5A-1848-4938-80F8-DE07A9668E73}
	EndGlobalSection
EndGlobal
